Microsoft Visual Studio Solution File, Format Version 12.00
# Visual Studio Version 17
VisualStudioVersion = 17.5.2.0
MinimumVisualStudioVersion = 10.0.40219.1
Project("{FAE04EC0-301F-11D3-BF4B-00C04F79EFBC}") = "Aula07", "Aula07.csproj", "{88BAD732-344B-D204-0706-017EC83972AF}"
EndProject
Global
	GlobalSection(SolutionConfigurationPlatforms) = preSolution
		Debug|Any CPU = Debug|Any CPU
		Release|Any CPU = Release|Any CPU
	EndGlobalSection
	GlobalSection(ProjectConfigurationPlatforms) = postSolution
		{88BAD732-344B-D204-0706-017EC83972AF}.Debug|Any CPU.ActiveCfg = Debug|Any CPU
		{88BAD732-344B-D204-0706-017EC83972AF}.Debug|Any CPU.Build.0 = Debug|Any CPU
		{88BAD732-344B-D204-0706-017EC83972AF}.Release|Any CPU.ActiveCfg = Release|Any CPU
		{88BAD732-344B-D204-0706-017EC83972AF}.Release|Any CPU.Build.0 = Release|Any CPU
	EndGlobalSection
	GlobalSection(SolutionProperties) = preSolution
		HideSolutionNode = FALSE
	EndGlobalSection
	GlobalSection(ExtensibilityGlobals) = postSolution
		SolutionGuid = {28DC66C0-4F58-4023-8A04-F32B4B8B8220}
	EndGlobalSection
EndGlobal
