Microsoft Visual Studio Solution File, Format Version 12.00
# Visual Studio Version 17
VisualStudioVersion = 17.5.2.0
MinimumVisualStudioVersion = 10.0.40219.1
Project("{FAE04EC0-301F-11D3-BF4B-00C04F79EFBC}") = "Aula09", "Aula09.csproj", "{990219F7-385D-1561-A6F3-92710EB856A4}"
EndProject
Global
	GlobalSection(SolutionConfigurationPlatforms) = preSolution
		Debug|Any CPU = Debug|Any CPU
		Release|Any CPU = Release|Any CPU
	EndGlobalSection
	GlobalSection(ProjectConfigurationPlatforms) = postSolution
		{990219F7-385D-1561-A6F3-92710EB856A4}.Debug|Any CPU.ActiveCfg = Debug|Any CPU
		{990219F7-385D-1561-A6F3-92710EB856A4}.Debug|Any CPU.Build.0 = Debug|Any CPU
		{990219F7-385D-1561-A6F3-92710EB856A4}.Release|Any CPU.ActiveCfg = Release|Any CPU
		{990219F7-385D-1561-A6F3-92710EB856A4}.Release|Any CPU.Build.0 = Release|Any CPU
	EndGlobalSection
	GlobalSection(SolutionProperties) = preSolution
		HideSolutionNode = FALSE
	EndGlobalSection
	GlobalSection(ExtensibilityGlobals) = postSolution
		SolutionGuid = {7183F093-3ED6-47DB-841C-B0BFF58339AA}
	EndGlobalSection
EndGlobal
