Microsoft Visual Studio Solution File, Format Version 12.00
# Visual Studio Version 17
VisualStudioVersion = 17.5.2.0
MinimumVisualStudioVersion = 10.0.40219.1
Project("{FAE04EC0-301F-11D3-BF4B-00C04F79EFBC}") = "Aula01", "Aula01.csproj", "{8E5BAAA8-B0F9-4084-DE90-757C1216F9E6}"
EndProject
Global
	GlobalSection(SolutionConfigurationPlatforms) = preSolution
		Debug|Any CPU = Debug|Any CPU
		Release|Any CPU = Release|Any CPU
	EndGlobalSection
	GlobalSection(ProjectConfigurationPlatforms) = postSolution
		{8E5BAAA8-B0F9-4084-DE90-757C1216F9E6}.Debug|Any CPU.ActiveCfg = Debug|Any CPU
		{8E5BAAA8-B0F9-4084-DE90-757C1216F9E6}.Debug|Any CPU.Build.0 = Debug|Any CPU
		{8E5BAAA8-B0F9-4084-DE90-757C1216F9E6}.Release|Any CPU.ActiveCfg = Release|Any CPU
		{8E5BAAA8-B0F9-4084-DE90-757C1216F9E6}.Release|Any CPU.Build.0 = Release|Any CPU
	EndGlobalSection
	GlobalSection(SolutionProperties) = preSolution
		HideSolutionNode = FALSE
	EndGlobalSection
	GlobalSection(ExtensibilityGlobals) = postSolution
		SolutionGuid = {EA68B455-4E24-40A0-855F-DC9077BC808E}
	EndGlobalSection
EndGlobal
